<?xml version="1.0" encoding="utf-8"?>
<Project ToolsVersion="4.0" xmlns="http://schemas.microsoft.com/developer/msbuild/2003">
  <ItemGroup>
    <Filter Include="Source Files">
      <UniqueIdentifier>{4FC737F1-C7A5-4376-A066-2A32D752A2FF}</UniqueIdentifier>
      <Extensions>cpp;c;cc;cxx;def;odl;idl;hpj;bat;asm;asmx</Extensions>
    </Filter>
    <Filter Include="Header Files">
      <UniqueIdentifier>{93995380-89BD-4b04-88EB-625FBE52EBFB}</UniqueIdentifier>
      <Extensions>h;hh;hpp;hxx;hm;inl;inc;ipp;xsd</Extensions>
    </Filter>
    <Filter Include="Resource Files">
      <UniqueIdentifier>{67DA6AB6-F800-4c08-8B7A-83BB121AAD01}</UniqueIdentifier>
      <Extensions>rc;ico;cur;bmp;dlg;rc2;rct;bin;rgs;gif;jpg;jpeg;jpe;resx;tiff;tif;png;wav;mfcribbon-ms</Extensions>
    </Filter>
    <Filter Include="TinyXML">
      <UniqueIdentifier>{898535c7-698d-4a96-9a63-a1310ca97549}</UniqueIdentifier>
    </Filter>
    <Filter Include="Common">
      <UniqueIdentifier>{c134bdf7-b728-4d17-b7b6-1a60d2f8cf39}</UniqueIdentifier>
    </Filter>
  </ItemGroup>
  <ItemGroup>
    <ClInclude Include="TinyXML\tinystr.h">
      <Filter>TinyXML</Filter>
    </ClInclude>
    <ClInclude Include="TinyXML\tinyxml.h">
      <Filter>TinyXML</Filter>
    </ClInclude>
    <ClInclude Include="Common\Lcm.h">
      <Filter>Common</Filter>
    </ClInclude>
    <ClInclude Include="Common\ITSTimer.h">
      <Filter>Common</Filter>
    </ClInclude>
    <ClInclude Include="Common\XmlOpeation.h">
      <Filter>Common</Filter>
    </ClInclude>
    <ClInclude Include="Common\ThreadLock.h">
      <Filter>Common</Filter>
    </ClInclude>
    <ClInclude Include="Common\HashTable.h">
      <Filter>Common</Filter>
    </ClInclude>
    <ClInclude Include="Common\ILogicQueue.h">
      <Filter>Common</Filter>
    </ClInclude>
    <ClInclude Include="CTMService.h">
      <Filter>Header Files</Filter>
    </ClInclude>
    <ClInclude Include="Common\TSCommon.hpp">
      <Filter>Common</Filter>
    </ClInclude>
    <ClInclude Include="Common\ThreadLogic.h">
      <Filter>Common</Filter>
    </ClInclude>
    <ClInclude Include="Common\IMessageQueueManager.h">
      <Filter>Common</Filter>
    </ClInclude>
    <ClInclude Include="Common\CTimerEvent.h">
      <Filter>Common</Filter>
    </ClInclude>
    <ClInclude Include="Common\CTimerNodeList.h">
      <Filter>Common</Filter>
    </ClInclude>
    <ClInclude Include="Common\date.h">
      <Filter>Common</Filter>
    </ClInclude>
  </ItemGroup>
  <ItemGroup>
    <ClCompile Include="TimerMessageFrame.cpp">
      <Filter>Source Files</Filter>
    </ClCompile>
    <ClCompile Include="TinyXML\tinystr.cpp">
      <Filter>TinyXML</Filter>
    </ClCompile>
    <ClCompile Include="TinyXML\tinyxml.cpp">
      <Filter>TinyXML</Filter>
    </ClCompile>
    <ClCompile Include="TinyXML\tinyxmlerror.cpp">
      <Filter>TinyXML</Filter>
    </ClCompile>
    <ClCompile Include="TinyXML\tinyxmlparser.cpp">
      <Filter>TinyXML</Filter>
    </ClCompile>
    <ClCompile Include="CTMService.cpp">
      <Filter>Source Files</Filter>
    </ClCompile>
    <ClCompile Include="Common\XmlOpeation.cpp">
      <Filter>Common</Filter>
    </ClCompile>
    <ClCompile Include="Common\ILogicQueue.cpp">
      <Filter>Common</Filter>
    </ClCompile>
    <ClCompile Include="Common\ThreadLogic.cpp">
      <Filter>Common</Filter>
    </ClCompile>
    <ClCompile Include="Common\CTimerEvent.cpp">
      <Filter>Common</Filter>
    </ClCompile>
    <ClCompile Include="Common\CTimerNodeList.cpp">
      <Filter>Common</Filter>
    </ClCompile>
  </ItemGroup>
</Project>